
Microsoft Visual Studio Solution File, Format Version 12.00
# Visual Studio Version 16
VisualStudioVersion = 16.0.31313.79
MinimumVisualStudioVersion = 10.0.40219.1
Project("{FAE04EC0-301F-11D3-BF4B-00C04F79EFBC}") = "Soma", "Soma\Soma.csproj", "{34555F3B-0173-4B35-9369-C17AC21AD00D}"
EndProject
Project("{FAE04EC0-301F-11D3-BF4B-00C04F79EFBC}") = "Subtração", "Subtração\Subtração.csproj", "{7494BA07-BF46-470C-B706-C3E94D188D63}"
EndProject
Global
	GlobalSection(SolutionConfigurationPlatforms) = preSolution
		Debug|Any CPU = Debug|Any CPU
		Release|Any CPU = Release|Any CPU
	EndGlobalSection
	GlobalSection(ProjectConfigurationPlatforms) = postSolution
		{34555F3B-0173-4B35-9369-C17AC21AD00D}.Debug|Any CPU.ActiveCfg = Debug|Any CPU
		{34555F3B-0173-4B35-9369-C17AC21AD00D}.Debug|Any CPU.Build.0 = Debug|Any CPU
		{34555F3B-0173-4B35-9369-C17AC21AD00D}.Release|Any CPU.ActiveCfg = Release|Any CPU
		{34555F3B-0173-4B35-9369-C17AC21AD00D}.Release|Any CPU.Build.0 = Release|Any CPU
		{7494BA07-BF46-470C-B706-C3E94D188D63}.Debug|Any CPU.ActiveCfg = Debug|Any CPU
		{7494BA07-BF46-470C-B706-C3E94D188D63}.Debug|Any CPU.Build.0 = Debug|Any CPU
		{7494BA07-BF46-470C-B706-C3E94D188D63}.Release|Any CPU.ActiveCfg = Release|Any CPU
		{7494BA07-BF46-470C-B706-C3E94D188D63}.Release|Any CPU.Build.0 = Release|Any CPU
	EndGlobalSection
	GlobalSection(SolutionProperties) = preSolution
		HideSolutionNode = FALSE
	EndGlobalSection
	GlobalSection(ExtensibilityGlobals) = postSolution
		SolutionGuid = {EF7F28B9-F14E-4A44-B3D2-0290A68B55B8}
	EndGlobalSection
EndGlobal
